
Microsoft Visual Studio Solution File, Format Version 12.00
# Visual Studio Version 16
VisualStudioVersion = 16.0.30114.105
MinimumVisualStudioVersion = 10.0.40219.1
Project("{FAE04EC0-301F-11D3-BF4B-00C04F79EFBC}") = "parser", "parser\parser.csproj", "{6AE78C6D-1A5D-4A60-9B08-733183E5D1C1}"
EndProject
Project("{FAE04EC0-301F-11D3-BF4B-00C04F79EFBC}") = "yadownloader", "yadownloader\yadownloader.csproj", "{5160975C-26DD-4EC7-8645-9600076F7264}"
EndProject
Global
	GlobalSection(SolutionConfigurationPlatforms) = preSolution
		Debug|Any CPU = Debug|Any CPU
		Release|Any CPU = Release|Any CPU
	EndGlobalSection
	GlobalSection(SolutionProperties) = preSolution
		HideSolutionNode = FALSE
	EndGlobalSection
	GlobalSection(ProjectConfigurationPlatforms) = postSolution
		{6AE78C6D-1A5D-4A60-9B08-733183E5D1C1}.Debug|Any CPU.ActiveCfg = Debug|Any CPU
		{6AE78C6D-1A5D-4A60-9B08-733183E5D1C1}.Debug|Any CPU.Build.0 = Debug|Any CPU
		{6AE78C6D-1A5D-4A60-9B08-733183E5D1C1}.Release|Any CPU.ActiveCfg = Release|Any CPU
		{6AE78C6D-1A5D-4A60-9B08-733183E5D1C1}.Release|Any CPU.Build.0 = Release|Any CPU
		{3FEB8FA7-5E40-4FCA-AEB8-B60C4355BF87}.Debug|Any CPU.ActiveCfg = Debug|Any CPU
		{3FEB8FA7-5E40-4FCA-AEB8-B60C4355BF87}.Debug|Any CPU.Build.0 = Debug|Any CPU
		{3FEB8FA7-5E40-4FCA-AEB8-B60C4355BF87}.Release|Any CPU.ActiveCfg = Release|Any CPU
		{3FEB8FA7-5E40-4FCA-AEB8-B60C4355BF87}.Release|Any CPU.Build.0 = Release|Any CPU
		{5160975C-26DD-4EC7-8645-9600076F7264}.Debug|Any CPU.ActiveCfg = Debug|Any CPU
		{5160975C-26DD-4EC7-8645-9600076F7264}.Debug|Any CPU.Build.0 = Debug|Any CPU
		{5160975C-26DD-4EC7-8645-9600076F7264}.Release|Any CPU.ActiveCfg = Release|Any CPU
		{5160975C-26DD-4EC7-8645-9600076F7264}.Release|Any CPU.Build.0 = Release|Any CPU
	EndGlobalSection
EndGlobal
